// !$*UTF8*$!
{
	archiveVersion = 1;
	classes = {
	};
	objectVersion = 77;
	objects = {

/* Begin PBXBuildFile section */
		A7E0D0F92D4E7B8200805300 /* Auth in Frameworks */ = {isa = PBXBuildFile; productRef = A7E0D0F82D4E7B8200805300 /* Auth */; };
		A7E0D0FB2D4E7B8200805300 /* Functions in Frameworks */ = {isa = PBXBuildFile; productRef = A7E0D0FA2D4E7B8200805300 /* Functions */; };
		A7E0D0FD2D4E7B8200805300 /* PostgREST in Frameworks */ = {isa = PBXBuildFile; productRef = A7E0D0FC2D4E7B8200805300 /* PostgREST */; };
		A7E0D0FF2D4E7B8200805300 /* Realtime in Frameworks */ = {isa = PBXBuildFile; productRef = A7E0D0FE2D4E7B8200805300 /* Realtime */; };
		A7E0D1012D4E7B8200805300 /* Storage in Frameworks */ = {isa = PBXBuildFile; productRef = A7E0D1002D4E7B8200805300 /* Storage */; };
		A7E0D1032D4E7B8200805300 /* Supabase in Frameworks */ = {isa = PBXBuildFile; productRef = A7E0D1022D4E7B8200805300 /* Supabase */; };
/* End PBXBuildFile section */

/* Begin PBXContainerItemProxy section */
		A7F067F52D4E765B00F8722B /* PBXContainerItemProxy */ = {
			isa = PBXContainerItemProxy;
			containerPortal = A7F067DC2D4E765A00F8722B /* Project object */;
			proxyType = 1;
			remoteGlobalIDString = A7F067E32D4E765A00F8722B;
			remoteInfo = CoffeeDrop;
		};
		A7F067FF2D4E765B00F8722B /* PBXContainerItemProxy */ = {
			isa = PBXContainerItemProxy;
			containerPortal = A7F067DC2D4E765A00F8722B /* Project object */;
			proxyType = 1;
			remoteGlobalIDString = A7F067E32D4E765A00F8722B;
			remoteInfo = CoffeeDrop;
		};
/* End PBXContainerItemProxy section */

/* Begin PBXFileReference section */
		A7F067E42D4E765A00F8722B /* CoffeeDrop.app */ = {isa = PBXFileReference; explicitFileType = wrapper.application; includeInIndex = 0; path = CoffeeDrop.app; sourceTree = BUILT_PRODUCTS_DIR; };
		A7F067F42D4E765B00F8722B /* CoffeeDropTests.xctest */ = {isa = PBXFileReference; explicitFileType = wrapper.cfbundle; includeInIndex = 0; path = CoffeeDropTests.xctest; sourceTree = BUILT_PRODUCTS_DIR; };
		A7F067FE2D4E765B00F8722B /* CoffeeDropUITests.xctest */ = {isa = PBXFileReference; explicitFileType = wrapper.cfbundle; includeInIndex = 0; path = CoffeeDropUITests.xctest; sourceTree = BUILT_PRODUCTS_DIR; };
/* End PBXFileReference section */

/* Begin PBXFileSystemSynchronizedRootGroup section */
		A7F067E62D4E765A00F8722B /* CoffeeDrop */ = {
			isa = PBXFileSystemSynchronizedRootGroup;
			path = CoffeeDrop;
			sourceTree = "<group>";
		};
		A7F067F72D4E765B00F8722B /* CoffeeDropTests */ = {
			isa = PBXFileSystemSynchronizedRootGroup;
			path = CoffeeDropTests;
			sourceTree = "<group>";
		};
		A7F068012D4E765B00F8722B /* CoffeeDropUITests */ = {
			isa = PBXFileSystemSynchronizedRootGroup;
			path = CoffeeDropUITests;
			sourceTree = "<group>";
		};
/* End PBXFileSystemSynchronizedRootGroup section */

/* Begin PBXFrameworksBuildPhase section */
		A7F067E12D4E765A00F8722B /* Frameworks */ = {
			isa = PBXFrameworksBuildPhase;
			buildActionMask = 2147483647;
			files = (
				A7E0D0FD2D4E7B8200805300 /* PostgREST in Frameworks */,
				A7E0D0FB2D4E7B8200805300 /* Functions in Frameworks */,
				A7E0D1032D4E7B8200805300 /* Supabase in Frameworks */,
				A7E0D0F92D4E7B8200805300 /* Auth in Frameworks */,
				A7E0D1012D4E7B8200805300 /* Storage in Frameworks */,
				A7E0D0FF2D4E7B8200805300 /* Realtime in Frameworks */,
			);
			runOnlyForDeploymentPostprocessing = 0;
		};
		A7F067F12D4E765B00F8722B /* Frameworks */ = {
			isa = PBXFrameworksBuildPhase;
			buildActionMask = 2147483647;
			files = (
			);
			runOnlyForDeploymentPostprocessing = 0;
		};
		A7F067FB2D4E765B00F8722B /* Frameworks */ = {
			isa = PBXFrameworksBuildPhase;
			buildActionMask = 2147483647;
			files = (
			);
			runOnlyForDeploymentPostprocessing = 0;
		};
/* End PBXFrameworksBuildPhase section */

/* Begin PBXGroup section */
		A7F067DB2D4E765A00F8722B = {
			isa = PBXGroup;
			children = (
				A7F067E62D4E765A00F8722B /* CoffeeDrop */,
				A7F067F72D4E765B00F8722B /* CoffeeDropTests */,
				A7F068012D4E765B00F8722B /* CoffeeDropUITests */,
				A7F067E52D4E765A00F8722B /* Products */,
			);
			sourceTree = "<group>";
		};
		A7F067E52D4E765A00F8722B /* Products */ = {
			isa = PBXGroup;
			children = (
				A7F067E42D4E765A00F8722B /* CoffeeDrop.app */,
				A7F067F42D4E765B00F8722B /* CoffeeDropTests.xctest */,
				A7F067FE2D4E765B00F8722B /* CoffeeDropUITests.xctest */,
			);
			name = Products;
			sourceTree = "<group>";
		};
/* End PBXGroup section */

/* Begin PBXNativeTarget section */
		A7F067E32D4E765A00F8722B /* CoffeeDrop */ = {
			isa = PBXNativeTarget;
			buildConfigurationList = A7F068082D4E765B00F8722B /* Build configuration list for PBXNativeTarget "CoffeeDrop" */;
			buildPhases = (
				A7F067E02D4E765A00F8722B /* Sources */,
				A7F067E12D4E765A00F8722B /* Frameworks */,
				A7F067E22D4E765A00F8722B /* Resources */,
			);
			buildRules = (
			);
			dependencies = (
			);
			fileSystemSynchronizedGroups = (
				A7F067E62D4E765A00F8722B /* CoffeeDrop */,
			);
			name = CoffeeDrop;
			packageProductDependencies = (
				A7E0D0F82D4E7B8200805300 /* Auth */,
				A7E0D0FA2D4E7B8200805300 /* Functions */,
				A7E0D0FC2D4E7B8200805300 /* PostgREST */,
				A7E0D0FE2D4E7B8200805300 /* Realtime */,
				A7E0D1002D4E7B8200805300 /* Storage */,
				A7E0D1022D4E7B8200805300 /* Supabase */,
			);
			productName = CoffeeDrop;
			productReference = A7F067E42D4E765A00F8722B /* CoffeeDrop.app */;
			productType = "com.apple.product-type.application";
		};
		A7F067F32D4E765B00F8722B /* CoffeeDropTests */ = {
			isa = PBXNativeTarget;
			buildConfigurationList = A7F0680B2D4E765B00F8722B /* Build configuration list for PBXNativeTarget "CoffeeDropTests" */;
			buildPhases = (
				A7F067F02D4E765B00F8722B /* Sources */,
				A7F067F12D4E765B00F8722B /* Frameworks */,
				A7F067F22D4E765B00F8722B /* Resources */,
			);
			buildRules = (
			);
			dependencies = (
				A7F067F62D4E765B00F8722B /* PBXTargetDependency */,
			);
			fileSystemSynchronizedGroups = (
				A7F067F72D4E765B00F8722B /* CoffeeDropTests */,
			);
			name = CoffeeDropTests;
			packageProductDependencies = (
			);
			productName = CoffeeDropTests;
			productReference = A7F067F42D4E765B00F8722B /* CoffeeDropTests.xctest */;
			productType = "com.apple.product-type.bundle.unit-test";
		};
		A7F067FD2D4E765B00F8722B /* CoffeeDropUITests */ = {
			isa = PBXNativeTarget;
			buildConfigurationList = A7F0680E2D4E765B00F8722B /* Build configuration list for PBXNativeTarget "CoffeeDropUITests" */;
			buildPhases = (
				A7F067FA2D4E765B00F8722B /* Sources */,
				A7F067FB2D4E765B00F8722B /* Frameworks */,
				A7F067FC2D4E765B00F8722B /* Resources */,
			);
			buildRules = (
			);
			dependencies = (
				A7F068002D4E765B00F8722B /* PBXTargetDependency */,
			);
			fileSystemSynchronizedGroups = (
				A7F068012D4E765B00F8722B /* CoffeeDropUITests */,
			);
			name = CoffeeDropUITests;
			packageProductDependencies = (
			);
			productName = CoffeeDropUITests;
			productReference = A7F067FE2D4E765B00F8722B /* CoffeeDropUITests.xctest */;
			productType = "com.apple.product-type.bundle.ui-testing";
		};
/* End PBXNativeTarget section */

/* Begin PBXProject section */
		A7F067DC2D4E765A00F8722B /* Project object */ = {
			isa = PBXProject;
			attributes = {
				BuildIndependentTargetsInParallel = 1;
				LastSwiftUpdateCheck = 1620;
				LastUpgradeCheck = 1620;
				TargetAttributes = {
					A7F067E32D4E765A00F8722B = {
						CreatedOnToolsVersion = 16.2;
					};
					A7F067F32D4E765B00F8722B = {
						CreatedOnToolsVersion = 16.2;
						TestTargetID = A7F067E32D4E765A00F8722B;
					};
					A7F067FD2D4E765B00F8722B = {
						CreatedOnToolsVersion = 16.2;
						TestTargetID = A7F067E32D4E765A00F8722B;
					};
				};
			};
			buildConfigurationList = A7F067DF2D4E765A00F8722B /* Build configuration list for PBXProject "CoffeeDrop" */;
			developmentRegion = en;
			hasScannedForEncodings = 0;
			knownRegions = (
				en,
				Base,
			);
			mainGroup = A7F067DB2D4E765A00F8722B;
			minimizedProjectReferenceProxies = 1;
			packageReferences = (
				A7E0D0F72D4E7B8200805300 /* XCRemoteSwiftPackageReference "supabase-swift" */,
			);
			preferredProjectObjectVersion = 77;
			productRefGroup = A7F067E52D4E765A00F8722B /* Products */;
			projectDirPath = "";
			projectRoot = "";
			targets = (
				A7F067E32D4E765A00F8722B /* CoffeeDrop */,
				A7F067F32D4E765B00F8722B /* CoffeeDropTests */,
				A7F067FD2D4E765B00F8722B /* CoffeeDropUITests */,
			);
		};
/* End PBXProject section */

/* Begin PBXResourcesBuildPhase section */
		A7F067E22D4E765A00F8722B /* Resources */ = {
			isa = PBXResourcesBuildPhase;
			buildActionMask = 2147483647;
			files = (
			);
			runOnlyForDeploymentPostprocessing = 0;
		};
		A7F067F22D4E765B00F8722B /* Resources */ = {
			isa = PBXResourcesBuildPhase;
			buildActionMask = 2147483647;
			files = (
			);
			runOnlyForDeploymentPostprocessing = 0;
		};
		A7F067FC2D4E765B00F8722B /* Resources */ = {
			isa = PBXResourcesBuildPhase;
			buildActionMask = 2147483647;
			files = (
			);
			runOnlyForDeploymentPostprocessing = 0;
		};
/* End PBXResourcesBuildPhase section */

/* Begin PBXSourcesBuildPhase section */
		A7F067E02D4E765A00F8722B /* Sources */ = {
			isa = PBXSourcesBuildPhase;
			buildActionMask = 2147483647;
			files = (
			);
			runOnlyForDeploymentPostprocessing = 0;
		};
		A7F067F02D4E765B00F8722B /* Sources */ = {
			isa = PBXSourcesBuildPhase;
			buildActionMask = 2147483647;
			files = (
			);
			runOnlyForDeploymentPostprocessing = 0;
		};
		A7F067FA2D4E765B00F8722B /* Sources */ = {
			isa = PBXSourcesBuildPhase;
			buildActionMask = 2147483647;
			files = (
			);
			runOnlyForDeploymentPostprocessing = 0;
		};
/* End PBXSourcesBuildPhase section */

/* Begin PBXTargetDependency section */
		A7F067F62D4E765B00F8722B /* PBXTargetDependency */ = {
			isa = PBXTargetDependency;
			target = A7F067E32D4E765A00F8722B /* CoffeeDrop */;
			targetProxy = A7F067F52D4E765B00F8722B /* PBXContainerItemProxy */;
		};
		A7F068002D4E765B00F8722B /* PBXTargetDependency */ = {
			isa = PBXTargetDependency;
			target = A7F067E32D4E765A00F8722B /* CoffeeDrop */;
			targetProxy = A7F067FF2D4E765B00F8722B /* PBXContainerItemProxy */;
		};
/* End PBXTargetDependency section */

/* Begin XCBuildConfiguration section */
		A7F068062D4E765B00F8722B /* Debug */ = {
			isa = XCBuildConfiguration;
			buildSettings = {
				ALWAYS_SEARCH_USER_PATHS = NO;
				ASSETCATALOG_COMPILER_GENERATE_SWIFT_ASSET_SYMBOL_EXTENSIONS = YES;
				CLANG_ANALYZER_NONNULL = YES;
				CLANG_ANALYZER_NUMBER_OBJECT_CONVERSION = YES_AGGRESSIVE;
				CLANG_CXX_LANGUAGE_STANDARD = "gnu++20";
				CLANG_ENABLE_MODULES = YES;
				CLANG_ENABLE_OBJC_ARC = YES;
				CLANG_ENABLE_OBJC_WEAK = YES;
				CLANG_WARN_BLOCK_CAPTURE_AUTORELEASING = YES;
				CLANG_WARN_BOOL_CONVERSION = YES;
				CLANG_WARN_COMMA = YES;
				CLANG_WARN_CONSTANT_CONVERSION = YES;
				CLANG_WARN_DEPRECATED_OBJC_IMPLEMENTATIONS = YES;
				CLANG_WARN_DIRECT_OBJC_ISA_USAGE = YES_ERROR;
				CLANG_WARN_DOCUMENTATION_COMMENTS = YES;
				CLANG_WARN_EMPTY_BODY = YES;
				CLANG_WARN_ENUM_CONVERSION = YES;
				CLANG_WARN_INFINITE_RECURSION = YES;
				CLANG_WARN_INT_CONVERSION = YES;
				CLANG_WARN_NON_LITERAL_NULL_CONVERSION = YES;
				CLANG_WARN_OBJC_IMPLICIT_RETAIN_SELF = YES;
				CLANG_WARN_OBJC_LITERAL_CONVERSION = YES;
				CLANG_WARN_OBJC_ROOT_CLASS = YES_ERROR;
				CLANG_WARN_QUOTED_INCLUDE_IN_FRAMEWORK_HEADER = YES;
				CLANG_WARN_RANGE_LOOP_ANALYSIS = YES;
				CLANG_WARN_STRICT_PROTOTYPES = YES;
				CLANG_WARN_SUSPICIOUS_MOVE = YES;
				CLANG_WARN_UNGUARDED_AVAILABILITY = YES_AGGRESSIVE;
				CLANG_WARN_UNREACHABLE_CODE = YES;
				CLANG_WARN__DUPLICATE_METHOD_MATCH = YES;
				COPY_PHASE_STRIP = NO;
				DEBUG_INFORMATION_FORMAT = dwarf;
				ENABLE_STRICT_OBJC_MSGSEND = YES;
				ENABLE_TESTABILITY = YES;
				ENABLE_USER_SCRIPT_SANDBOXING = YES;
				GCC_C_LANGUAGE_STANDARD = gnu17;
				GCC_DYNAMIC_NO_PIC = NO;
				GCC_NO_COMMON_BLOCKS = YES;
				GCC_OPTIMIZATION_LEVEL = 0;
				GCC_PREPROCESSOR_DEFINITIONS = (
					"DEBUG=1",
					"$(inherited)",
				);
				GCC_WARN_64_TO_32_BIT_CONVERSION = YES;
				GCC_WARN_ABOUT_RETURN_TYPE = YES_ERROR;
				GCC_WARN_UNDECLARED_SELECTOR = YES;
				GCC_WARN_UNINITIALIZED_AUTOS = YES_AGGRESSIVE;
				GCC_WARN_UNUSED_FUNCTION = YES;
				GCC_WARN_UNUSED_VARIABLE = YES;
				IPHONEOS_DEPLOYMENT_TARGET = 18.2;
				LOCALIZATION_PREFERS_STRING_CATALOGS = YES;
				MTL_ENABLE_DEBUG_INFO = INCLUDE_SOURCE;
				MTL_FAST_MATH = YES;
				ONLY_ACTIVE_ARCH = YES;
				SDKROOT = iphoneos;
				SWIFT_ACTIVE_COMPILATION_CONDITIONS = "DEBUG $(inherited)";
				SWIFT_OPTIMIZATION_LEVEL = "-Onone";
			};
			name = Debug;
		};
		A7F068072D4E765B00F8722B /* Release */ = {
			isa = XCBuildConfiguration;
			buildSettings = {
				ALWAYS_SEARCH_USER_PATHS = NO;
				ASSETCATALOG_COMPILER_GENERATE_SWIFT_ASSET_SYMBOL_EXTENSIONS = YES;
				CLANG_ANALYZER_NONNULL = YES;
				CLANG_ANALYZER_NUMBER_OBJECT_CONVERSION = YES_AGGRESSIVE;
				CLANG_CXX_LANGUAGE_STANDARD = "gnu++20";
				CLANG_ENABLE_MODULES = YES;
				CLANG_ENABLE_OBJC_ARC = YES;
				CLANG_ENABLE_OBJC_WEAK = YES;
				CLANG_WARN_BLOCK_CAPTURE_AUTORELEASING = YES;
				CLANG_WARN_BOOL_CONVERSION = YES;
				CLANG_WARN_COMMA = YES;
				CLANG_WARN_CONSTANT_CONVERSION = YES;
				CLANG_WARN_DEPRECATED_OBJC_IMPLEMENTATIONS = YES;
				CLANG_WARN_DIRECT_OBJC_ISA_USAGE = YES_ERROR;
				CLANG_WARN_DOCUMENTATION_COMMENTS = YES;
				CLANG_WARN_EMPTY_BODY = YES;
				CLANG_WARN_ENUM_CONVERSION = YES;
				CLANG_WARN_INFINITE_RECURSION = YES;
				CLANG_WARN_INT_CONVERSION = YES;
				CLANG_WARN_NON_LITERAL_NULL_CONVERSION = YES;
				CLANG_WARN_OBJC_IMPLICIT_RETAIN_SELF = YES;
				CLANG_WARN_OBJC_LITERAL_CONVERSION = YES;
				CLANG_WARN_OBJC_ROOT_CLASS = YES_ERROR;
				CLANG_WARN_QUOTED_INCLUDE_IN_FRAMEWORK_HEADER = YES;
				CLANG_WARN_RANGE_LOOP_ANALYSIS = YES;
				CLANG_WARN_STRICT_PROTOTYPES = YES;
				CLANG_WARN_SUSPICIOUS_MOVE = YES;
				CLANG_WARN_UNGUARDED_AVAILABILITY = YES_AGGRESSIVE;
				CLANG_WARN_UNREACHABLE_CODE = YES;
				CLANG_WARN__DUPLICATE_METHOD_MATCH = YES;
				COPY_PHASE_STRIP = NO;
				DEBUG_INFORMATION_FORMAT = "dwarf-with-dsym";
				ENABLE_NS_ASSERTIONS = NO;
				ENABLE_STRICT_OBJC_MSGSEND = YES;
				ENABLE_USER_SCRIPT_SANDBOXING = YES;
				GCC_C_LANGUAGE_STANDARD = gnu17;
				GCC_NO_COMMON_BLOCKS = YES;
				GCC_WARN_64_TO_32_BIT_CONVERSION = YES;
				GCC_WARN_ABOUT_RETURN_TYPE = YES_ERROR;
				GCC_WARN_UNDECLARED_SELECTOR = YES;
				GCC_WARN_UNINITIALIZED_AUTOS = YES_AGGRESSIVE;
				GCC_WARN_UNUSED_FUNCTION = YES;
				GCC_WARN_UNUSED_VARIABLE = YES;
				IPHONEOS_DEPLOYMENT_TARGET = 18.2;
				LOCALIZATION_PREFERS_STRING_CATALOGS = YES;
				MTL_ENABLE_DEBUG_INFO = NO;
				MTL_FAST_MATH = YES;
				SDKROOT = iphoneos;
				SWIFT_COMPILATION_MODE = wholemodule;
				VALIDATE_PRODUCT = YES;
			};
			name = Release;
		};
		A7F068092D4E765B00F8722B /* Debug */ = {
			isa = XCBuildConfiguration;
			buildSettings = {
				ASSETCATALOG_COMPILER_APPICON_NAME = AppIcon;
				ASSETCATALOG_COMPILER_GLOBAL_ACCENT_COLOR_NAME = AccentColor;
				CODE_SIGN_STYLE = Automatic;
				CURRENT_PROJECT_VERSION = 1;
				DEVELOPMENT_ASSET_PATHS = "\"CoffeeDrop/Preview Content\"";
				ENABLE_PREVIEWS = YES;
				GENERATE_INFOPLIST_FILE = YES;
				INFOPLIST_KEY_NSLocationWhenInUseUsageDescription = "This App needs your location so we can find Cafes near you";
				INFOPLIST_KEY_UIApplicationSceneManifest_Generation = YES;
				INFOPLIST_KEY_UIApplicationSupportsIndirectInputEvents = YES;
				INFOPLIST_KEY_UILaunchScreen_Generation = YES;
				INFOPLIST_KEY_UISupportedInterfaceOrientations_iPad = "UIInterfaceOrientationPortrait UIInterfaceOrientationPortraitUpsideDown UIInterfaceOrientationLandscapeLeft UIInterfaceOrientationLandscapeRight";
				INFOPLIST_KEY_UISupportedInterfaceOrientations_iPhone = "UIInterfaceOrientationPortrait UIInterfaceOrientationLandscapeLeft UIInterfaceOrientationLandscapeRight";
				LD_RUNPATH_SEARCH_PATHS = (
					"$(inherited)",
					"@executable_path/Frameworks",
				);
				MARKETING_VERSION = 1.0;
				PRODUCT_BUNDLE_IDENTIFIER = AppFlowCreations.CoffeeDrop;
				PRODUCT_NAME = "$(TARGET_NAME)";
				SWIFT_EMIT_LOC_STRINGS = YES;
				SWIFT_VERSION = 5.0;
				TARGETED_DEVICE_FAMILY = "1,2";
			};
			name = Debug;
		};
		A7F0680A2D4E765B00F8722B /* Release */ = {
			isa = XCBuildConfiguration;
			buildSettings = {
				ASSETCATALOG_COMPILER_APPICON_NAME = AppIcon;
				ASSETCATALOG_COMPILER_GLOBAL_ACCENT_COLOR_NAME = AccentColor;
				CODE_SIGN_STYLE = Automatic;
				CURRENT_PROJECT_VERSION = 1;
				DEVELOPMENT_ASSET_PATHS = "\"CoffeeDrop/Preview Content\"";
				ENABLE_PREVIEWS = YES;
				GENERATE_INFOPLIST_FILE = YES;
				INFOPLIST_KEY_NSLocationWhenInUseUsageDescription = "This App needs your location so we can find Cafes near you";
				INFOPLIST_KEY_UIApplicationSceneManifest_Generation = YES;
				INFOPLIST_KEY_UIApplicationSupportsIndirectInputEvents = YES;
				INFOPLIST_KEY_UILaunchScreen_Generation = YES;
				INFOPLIST_KEY_UISupportedInterfaceOrientations_iPad = "UIInterfaceOrientationPortrait UIInterfaceOrientationPortraitUpsideDown UIInterfaceOrientationLandscapeLeft UIInterfaceOrientationLandscapeRight";
				INFOPLIST_KEY_UISupportedInterfaceOrientations_iPhone = "UIInterfaceOrientationPortrait UIInterfaceOrientationLandscapeLeft UIInterfaceOrientationLandscapeRight";
				LD_RUNPATH_SEARCH_PATHS = (
					"$(inherited)",
					"@executable_path/Frameworks",
				);
				MARKETING_VERSION = 1.0;
				PRODUCT_BUNDLE_IDENTIFIER = AppFlowCreations.CoffeeDrop;
				PRODUCT_NAME = "$(TARGET_NAME)";
				SWIFT_EMIT_LOC_STRINGS = YES;
				SWIFT_VERSION = 5.0;
				TARGETED_DEVICE_FAMILY = "1,2";
			};
			name = Release;
		};
		A7F0680C2D4E765B00F8722B /* Debug */ = {
			isa = XCBuildConfiguration;
			buildSettings = {
				BUNDLE_LOADER = "$(TEST_HOST)";
				CODE_SIGN_STYLE = Automatic;
				CURRENT_PROJECT_VERSION = 1;
				GENERATE_INFOPLIST_FILE = YES;
				IPHONEOS_DEPLOYMENT_TARGET = 18.2;
				MARKETING_VERSION = 1.0;
				PRODUCT_BUNDLE_IDENTIFIER = AppFlowCreations.CoffeeDropTests;
				PRODUCT_NAME = "$(TARGET_NAME)";
				SWIFT_EMIT_LOC_STRINGS = NO;
				SWIFT_VERSION = 5.0;
				TARGETED_DEVICE_FAMILY = "1,2";
				TEST_HOST = "$(BUILT_PRODUCTS_DIR)/CoffeeDrop.app/$(BUNDLE_EXECUTABLE_FOLDER_PATH)/CoffeeDrop";
			};
			name = Debug;
		};
		A7F0680D2D4E765B00F8722B /* Release */ = {
			isa = XCBuildConfiguration;
			buildSettings = {
				BUNDLE_LOADER = "$(TEST_HOST)";
				CODE_SIGN_STYLE = Automatic;
				CURRENT_PROJECT_VERSION = 1;
				GENERATE_INFOPLIST_FILE = YES;
				IPHONEOS_DEPLOYMENT_TARGET = 18.2;
				MARKETING_VERSION = 1.0;
				PRODUCT_BUNDLE_IDENTIFIER = AppFlowCreations.CoffeeDropTests;
				PRODUCT_NAME = "$(TARGET_NAME)";
				SWIFT_EMIT_LOC_STRINGS = NO;
				SWIFT_VERSION = 5.0;
				TARGETED_DEVICE_FAMILY = "1,2";
				TEST_HOST = "$(BUILT_PRODUCTS_DIR)/CoffeeDrop.app/$(BUNDLE_EXECUTABLE_FOLDER_PATH)/CoffeeDrop";
			};
			name = Release;
		};
		A7F0680F2D4E765B00F8722B /* Debug */ = {
			isa = XCBuildConfiguration;
			buildSettings = {
				CODE_SIGN_STYLE = Automatic;
				CURRENT_PROJECT_VERSION = 1;
				GENERATE_INFOPLIST_FILE = YES;
				MARKETING_VERSION = 1.0;
				PRODUCT_BUNDLE_IDENTIFIER = AppFlowCreations.CoffeeDropUITests;
				PRODUCT_NAME = "$(TARGET_NAME)";
				SWIFT_EMIT_LOC_STRINGS = NO;
				SWIFT_VERSION = 5.0;
				TARGETED_DEVICE_FAMILY = "1,2";
				TEST_TARGET_NAME = CoffeeDrop;
			};
			name = Debug;
		};
		A7F068102D4E765B00F8722B /* Release */ = {
			isa = XCBuildConfiguration;
			buildSettings = {
				CODE_SIGN_STYLE = Automatic;
				CURRENT_PROJECT_VERSION = 1;
				GENERATE_INFOPLIST_FILE = YES;
				MARKETING_VERSION = 1.0;
				PRODUCT_BUNDLE_IDENTIFIER = AppFlowCreations.CoffeeDropUITests;
				PRODUCT_NAME = "$(TARGET_NAME)";
				SWIFT_EMIT_LOC_STRINGS = NO;
				SWIFT_VERSION = 5.0;
				TARGETED_DEVICE_FAMILY = "1,2";
				TEST_TARGET_NAME = CoffeeDrop;
			};
			name = Release;
		};
/* End XCBuildConfiguration section */

/* Begin XCConfigurationList section */
		A7F067DF2D4E765A00F8722B /* Build configuration list for PBXProject "CoffeeDrop" */ = {
			isa = XCConfigurationList;
			buildConfigurations = (
				A7F068062D4E765B00F8722B /* Debug */,
				A7F068072D4E765B00F8722B /* Release */,
			);
			defaultConfigurationIsVisible = 0;
			defaultConfigurationName = Release;
		};
		A7F068082D4E765B00F8722B /* Build configuration list for PBXNativeTarget "CoffeeDrop" */ = {
			isa = XCConfigurationList;
			buildConfigurations = (
				A7F068092D4E765B00F8722B /* Debug */,
				A7F0680A2D4E765B00F8722B /* Release */,
			);
			defaultConfigurationIsVisible = 0;
			defaultConfigurationName = Release;
		};
		A7F0680B2D4E765B00F8722B /* Build configuration list for PBXNativeTarget "CoffeeDropTests" */ = {
			isa = XCConfigurationList;
			buildConfigurations = (
				A7F0680C2D4E765B00F8722B /* Debug */,
				A7F0680D2D4E765B00F8722B /* Release */,
			);
			defaultConfigurationIsVisible = 0;
			defaultConfigurationName = Release;
		};
		A7F0680E2D4E765B00F8722B /* Build configuration list for PBXNativeTarget "CoffeeDropUITests" */ = {
			isa = XCConfigurationList;
			buildConfigurations = (
				A7F0680F2D4E765B00F8722B /* Debug */,
				A7F068102D4E765B00F8722B /* Release */,
			);
			defaultConfigurationIsVisible = 0;
			defaultConfigurationName = Release;
		};
/* End XCConfigurationList section */

/* Begin XCRemoteSwiftPackageReference section */
		A7E0D0F72D4E7B8200805300 /* XCRemoteSwiftPackageReference "supabase-swift" */ = {
			isa = XCRemoteSwiftPackageReference;
			repositoryURL = "https://github.com/supabase/supabase-swift.git";
			requirement = {
				kind = upToNextMajorVersion;
				minimumVersion = 2.5.1;
			};
		};
/* End XCRemoteSwiftPackageReference section */

/* Begin XCSwiftPackageProductDependency section */
		A7E0D0F82D4E7B8200805300 /* Auth */ = {
			isa = XCSwiftPackageProductDependency;
			package = A7E0D0F72D4E7B8200805300 /* XCRemoteSwiftPackageReference "supabase-swift" */;
			productName = Auth;
		};
		A7E0D0FA2D4E7B8200805300 /* Functions */ = {
			isa = XCSwiftPackageProductDependency;
			package = A7E0D0F72D4E7B8200805300 /* XCRemoteSwiftPackageReference "supabase-swift" */;
			productName = Functions;
		};
		A7E0D0FC2D4E7B8200805300 /* PostgREST */ = {
			isa = XCSwiftPackageProductDependency;
			package = A7E0D0F72D4E7B8200805300 /* XCRemoteSwiftPackageReference "supabase-swift" */;
			productName = PostgREST;
		};
		A7E0D0FE2D4E7B8200805300 /* Realtime */ = {
			isa = XCSwiftPackageProductDependency;
			package = A7E0D0F72D4E7B8200805300 /* XCRemoteSwiftPackageReference "supabase-swift" */;
			productName = Realtime;
		};
		A7E0D1002D4E7B8200805300 /* Storage */ = {
			isa = XCSwiftPackageProductDependency;
			package = A7E0D0F72D4E7B8200805300 /* XCRemoteSwiftPackageReference "supabase-swift" */;
			productName = Storage;
		};
		A7E0D1022D4E7B8200805300 /* Supabase */ = {
			isa = XCSwiftPackageProductDependency;
			package = A7E0D0F72D4E7B8200805300 /* XCRemoteSwiftPackageReference "supabase-swift" */;
			productName = Supabase;
		};
/* End XCSwiftPackageProductDependency section */
	};
	rootObject = A7F067DC2D4E765A00F8722B /* Project object */;
}
