<?xml version="1.0" encoding="UTF-8"?>
<Scheme
   LastUpgradeVersion = "1620"
   version = "1.7">
   <BuildAction
      parallelizeBuildables = "YES"
      buildImplicitDependencies = "YES"
      buildArchitectures = "Automatic">
      <BuildActionEntries>
         <BuildActionEntry
            buildForTesting = "YES"
            buildForRunning = "YES"
            buildForProfiling = "YES"
            buildForArchiving = "YES"
            buildForAnalyzing = "YES">
            <BuildableReference
               BuildableIdentifier = "primary"
               BlueprintIdentifier = "A7F067E32D4E765A00F8722B"
               BuildableName = "CoffeeDrop.app"
               BlueprintName = "CoffeeDrop"
               ReferencedContainer = "container:CoffeeDrop.xcodeproj">
            </BuildableReference>
         </BuildActionEntry>
      </BuildActionEntries>
   </BuildAction>
   <TestAction
      buildConfiguration = "Debug"
      selectedDebuggerIdentifier = "Xcode.DebuggerFoundation.Debugger.LLDB"
      selectedLauncherIdentifier = "Xcode.DebuggerFoundation.Launcher.LLDB"
      shouldUseLaunchSchemeArgsEnv = "YES"
      shouldAutocreateTestPlan = "YES">
      <Testables>
         <TestableReference
            skipped = "NO"
            parallelizable = "YES">
            <BuildableReference
               BuildableIdentifier = "primary"
               BlueprintIdentifier = "A7F067F32D4E765B00F8722B"
               BuildableName = "CoffeeDropTests.xctest"
               BlueprintName = "CoffeeDropTests"
               ReferencedContainer = "container:CoffeeDrop.xcodeproj">
            </BuildableReference>
         </TestableReference>
         <TestableReference
            skipped = "NO"
            parallelizable = "YES">
            <BuildableReference
               BuildableIdentifier = "primary"
               BlueprintIdentifier = "A7F067FD2D4E765B00F8722B"
               BuildableName = "CoffeeDropUITests.xctest"
               BlueprintName = "CoffeeDropUITests"
               ReferencedContainer = "container:CoffeeDrop.xcodeproj">
            </BuildableReference>
         </TestableReference>
      </Testables>
   </TestAction>
   <LaunchAction
      buildConfiguration = "Debug"
      selectedDebuggerIdentifier = "Xcode.DebuggerFoundation.Debugger.LLDB"
      selectedLauncherIdentifier = "Xcode.DebuggerFoundation.Launcher.LLDB"
      launchStyle = "0"
      useCustomWorkingDirectory = "NO"
      ignoresPersistentStateOnLaunch = "NO"
      debugDocumentVersioning = "YES"
      debugServiceExtension = "internal"
      allowLocationSimulation = "YES">
      <BuildableProductRunnable
         runnableDebuggingMode = "0">
         <BuildableReference
            BuildableIdentifier = "primary"
            BlueprintIdentifier = "A7F067E32D4E765A00F8722B"
            BuildableName = "CoffeeDrop.app"
            BlueprintName = "CoffeeDrop"
            ReferencedContainer = "container:CoffeeDrop.xcodeproj">
         </BuildableReference>
      </BuildableProductRunnable>
      <EnvironmentVariables>
         <EnvironmentVariable
            key = "SUPABASE_ANON_KEY"
            value = "eyJhbGciOiJIUzI1NiIsInR5cCI6IkpXVCJ9.eyJpc3MiOiJzdXBhYmFzZSIsInJlZiI6InB3YXJ3eGthcmtjY21ydnp2ZnRiIiwicm9sZSI6ImFub24iLCJpYXQiOjE3Mzg1MzYzMTcsImV4cCI6MjA1NDExMjMxN30.Gy6QJ41-WcD5SMESq0Dnr0EMIUE5Co7AZKSPsAYU9bU"
            isEnabled = "YES">
         </EnvironmentVariable>
         <EnvironmentVariable
            key = "SUPABASE_URL"
            value = "https://pwarwxkarkccmrvzvftb.supabase.co"
            isEnabled = "YES">
         </EnvironmentVariable>
         <EnvironmentVariable
            key = "GOOGLE_PLACES_KEY"
            value = "AIzaSyBj3Rg2MGCpFAjK7itUzzchE7aJujXJLNY"
            isEnabled = "YES">
         </EnvironmentVariable>
      </EnvironmentVariables>
   </LaunchAction>
   <ProfileAction
      buildConfiguration = "Release"
      shouldUseLaunchSchemeArgsEnv = "YES"
      savedToolIdentifier = ""
      useCustomWorkingDirectory = "NO"
      debugDocumentVersioning = "YES">
      <BuildableProductRunnable
         runnableDebuggingMode = "0">
         <BuildableReference
            BuildableIdentifier = "primary"
            BlueprintIdentifier = "A7F067E32D4E765A00F8722B"
            BuildableName = "CoffeeDrop.app"
            BlueprintName = "CoffeeDrop"
            ReferencedContainer = "container:CoffeeDrop.xcodeproj">
         </BuildableReference>
      </BuildableProductRunnable>
   </ProfileAction>
   <AnalyzeAction
      buildConfiguration = "Debug">
   </AnalyzeAction>
   <ArchiveAction
      buildConfiguration = "Release"
      revealArchiveInOrganizer = "YES">
   </ArchiveAction>
</Scheme>
